
Microsoft Visual Studio Solution File, Format Version 12.00
# Visual Studio 15
VisualStudioVersion = 15.0.26124.0
MinimumVisualStudioVersion = 15.0.26124.0
Project("{9A19103F-16F7-4668-BE54-9A1E7A4F7556}") = "data", "data\data.csproj", "{8ABF9681-D60A-4410-BFA3-73073AA097A4}"
EndProject
Project("{9A19103F-16F7-4668-BE54-9A1E7A4F7556}") = "produce", "produce\produce.csproj", "{083B8CB3-8E9F-4F77-BC4D-686D0CF72244}"
EndProject
Project("{9A19103F-16F7-4668-BE54-9A1E7A4F7556}") = "consume", "consume\consume.csproj", "{F966425D-6198-410D-ACBC-E0695F3CD5A0}"
EndProject
Project("{2150E333-8FDC-42A3-9474-1A3956D46DE8}") = "Config", "Config", "{AF8213DC-0215-463C-B902-BD7C8BE1C8FC}"
	ProjectSection(SolutionItems) = preProject
		appSettings.json = appSettings.json
	EndProjectSection
EndProject
Global
	GlobalSection(SolutionConfigurationPlatforms) = preSolution
		Debug|Any CPU = Debug|Any CPU
		Debug|x64 = Debug|x64
		Debug|x86 = Debug|x86
		Release|Any CPU = Release|Any CPU
		Release|x64 = Release|x64
		Release|x86 = Release|x86
	EndGlobalSection
	GlobalSection(ProjectConfigurationPlatforms) = postSolution
		{8ABF9681-D60A-4410-BFA3-73073AA097A4}.Debug|Any CPU.ActiveCfg = Debug|Any CPU
		{8ABF9681-D60A-4410-BFA3-73073AA097A4}.Debug|Any CPU.Build.0 = Debug|Any CPU
		{8ABF9681-D60A-4410-BFA3-73073AA097A4}.Debug|x64.ActiveCfg = Debug|Any CPU
		{8ABF9681-D60A-4410-BFA3-73073AA097A4}.Debug|x64.Build.0 = Debug|Any CPU
		{8ABF9681-D60A-4410-BFA3-73073AA097A4}.Debug|x86.ActiveCfg = Debug|Any CPU
		{8ABF9681-D60A-4410-BFA3-73073AA097A4}.Debug|x86.Build.0 = Debug|Any CPU
		{8ABF9681-D60A-4410-BFA3-73073AA097A4}.Release|Any CPU.ActiveCfg = Release|Any CPU
		{8ABF9681-D60A-4410-BFA3-73073AA097A4}.Release|Any CPU.Build.0 = Release|Any CPU
		{8ABF9681-D60A-4410-BFA3-73073AA097A4}.Release|x64.ActiveCfg = Release|Any CPU
		{8ABF9681-D60A-4410-BFA3-73073AA097A4}.Release|x64.Build.0 = Release|Any CPU
		{8ABF9681-D60A-4410-BFA3-73073AA097A4}.Release|x86.ActiveCfg = Release|Any CPU
		{8ABF9681-D60A-4410-BFA3-73073AA097A4}.Release|x86.Build.0 = Release|Any CPU
		{083B8CB3-8E9F-4F77-BC4D-686D0CF72244}.Debug|Any CPU.ActiveCfg = Debug|Any CPU
		{083B8CB3-8E9F-4F77-BC4D-686D0CF72244}.Debug|Any CPU.Build.0 = Debug|Any CPU
		{083B8CB3-8E9F-4F77-BC4D-686D0CF72244}.Debug|x64.ActiveCfg = Debug|Any CPU
		{083B8CB3-8E9F-4F77-BC4D-686D0CF72244}.Debug|x64.Build.0 = Debug|Any CPU
		{083B8CB3-8E9F-4F77-BC4D-686D0CF72244}.Debug|x86.ActiveCfg = Debug|Any CPU
		{083B8CB3-8E9F-4F77-BC4D-686D0CF72244}.Debug|x86.Build.0 = Debug|Any CPU
		{083B8CB3-8E9F-4F77-BC4D-686D0CF72244}.Release|Any CPU.ActiveCfg = Release|Any CPU
		{083B8CB3-8E9F-4F77-BC4D-686D0CF72244}.Release|Any CPU.Build.0 = Release|Any CPU
		{083B8CB3-8E9F-4F77-BC4D-686D0CF72244}.Release|x64.ActiveCfg = Release|Any CPU
		{083B8CB3-8E9F-4F77-BC4D-686D0CF72244}.Release|x64.Build.0 = Release|Any CPU
		{083B8CB3-8E9F-4F77-BC4D-686D0CF72244}.Release|x86.ActiveCfg = Release|Any CPU
		{083B8CB3-8E9F-4F77-BC4D-686D0CF72244}.Release|x86.Build.0 = Release|Any CPU
		{F966425D-6198-410D-ACBC-E0695F3CD5A0}.Debug|Any CPU.ActiveCfg = Debug|Any CPU
		{F966425D-6198-410D-ACBC-E0695F3CD5A0}.Debug|Any CPU.Build.0 = Debug|Any CPU
		{F966425D-6198-410D-ACBC-E0695F3CD5A0}.Debug|x64.ActiveCfg = Debug|Any CPU
		{F966425D-6198-410D-ACBC-E0695F3CD5A0}.Debug|x64.Build.0 = Debug|Any CPU
		{F966425D-6198-410D-ACBC-E0695F3CD5A0}.Debug|x86.ActiveCfg = Debug|Any CPU
		{F966425D-6198-410D-ACBC-E0695F3CD5A0}.Debug|x86.Build.0 = Debug|Any CPU
		{F966425D-6198-410D-ACBC-E0695F3CD5A0}.Release|Any CPU.ActiveCfg = Release|Any CPU
		{F966425D-6198-410D-ACBC-E0695F3CD5A0}.Release|Any CPU.Build.0 = Release|Any CPU
		{F966425D-6198-410D-ACBC-E0695F3CD5A0}.Release|x64.ActiveCfg = Release|Any CPU
		{F966425D-6198-410D-ACBC-E0695F3CD5A0}.Release|x64.Build.0 = Release|Any CPU
		{F966425D-6198-410D-ACBC-E0695F3CD5A0}.Release|x86.ActiveCfg = Release|Any CPU
		{F966425D-6198-410D-ACBC-E0695F3CD5A0}.Release|x86.Build.0 = Release|Any CPU
	EndGlobalSection
	GlobalSection(SolutionProperties) = preSolution
		HideSolutionNode = FALSE
	EndGlobalSection
	GlobalSection(ExtensibilityGlobals) = postSolution
		SolutionGuid = {BD37571A-43AE-4AC0-8132-8B5B9D7A40AB}
	EndGlobalSection
EndGlobal
